<?xml version="1.0" encoding="utf-8"?>
<Project ToolsVersion="4.0" xmlns="http://schemas.microsoft.com/developer/msbuild/2003">
  <ItemGroup>
    <Filter Include="Source Files">
      <UniqueIdentifier>{4FC737F1-C7A5-4376-A066-2A32D752A2FF}</UniqueIdentifier>
      <Extensions>cpp;c;cc;cxx;c++;cppm;ixx;def;odl;idl;hpj;bat;asm;asmx</Extensions>
    </Filter>
    <Filter Include="Header Files">
      <UniqueIdentifier>{93995380-89BD-4b04-88EB-625FBE52EBFB}</UniqueIdentifier>
      <Extensions>h;hh;hpp;hxx;h++;hm;inl;inc;ipp;xsd</Extensions>
    </Filter>
    <Filter Include="Resource Files">
      <UniqueIdentifier>{67DA6AB6-F800-4c08-8B7A-83BB121AAD01}</UniqueIdentifier>
      <Extensions>rc;ico;cur;bmp;dlg;rc2;rct;bin;rgs;gif;jpg;jpeg;jpe;resx;tiff;tif;png;wav;mfcribbon-ms</Extensions>
    </Filter>
    <Filter Include="Source Files\PuntsDeInteres">
      <UniqueIdentifier>{f42f7df6-751a-4448-9393-1f082c18618c}</UniqueIdentifier>
    </Filter>
    <Filter Include="Header Files\MapaClasses">
      <UniqueIdentifier>{10aefd45-fd48-472a-9d40-b367270fab03}</UniqueIdentifier>
    </Filter>
    <Filter Include="Header Files\PuntDeInteres">
      <UniqueIdentifier>{a541f7c7-0321-433d-a31b-5c7a2b040474}</UniqueIdentifier>
    </Filter>
    <Filter Include="Header Files\CamiClasses">
      <UniqueIdentifier>{14745f90-80fa-4e00-bc9f-1d8bb5b90cd4}</UniqueIdentifier>
    </Filter>
    <Filter Include="Source Files\Mapa">
      <UniqueIdentifier>{b16db62a-72fd-44b0-9ec8-3c802816ee0e}</UniqueIdentifier>
    </Filter>
    <Filter Include="Source Files\Cami">
      <UniqueIdentifier>{6e543d55-8482-4347-a725-b7232aaa78cc}</UniqueIdentifier>
    </Filter>
  </ItemGroup>
  <ItemGroup>
    <ClInclude Include="framework.h">
      <Filter>Header Files</Filter>
    </ClInclude>
    <ClInclude Include="pch.h">
      <Filter>Header Files</Filter>
    </ClInclude>
    <ClInclude Include="XML4OSMUtil.h">
      <Filter>Header Files</Filter>
    </ClInclude>
    <ClInclude Include="Common.h">
      <Filter>Header Files</Filter>
    </ClInclude>
    <ClInclude Include="Util.h">
      <Filter>Header Files</Filter>
    </ClInclude>
    <ClInclude Include="MapaBase.h">
      <Filter>Header Files\MapaClasses</Filter>
    </ClInclude>
    <ClInclude Include="MapaRender.h">
      <Filter>Header Files\MapaClasses</Filter>
    </ClInclude>
    <ClInclude Include="PuntDeInteresBase.h">
      <Filter>Header Files\PuntDeInteres</Filter>
    </ClInclude>
    <ClInclude Include="PuntDeInteresBotigaSolucio.h">
      <Filter>Header Files\PuntDeInteres</Filter>
    </ClInclude>
    <ClInclude Include="PuntDeInteresRestaurantSolucio.h">
      <Filter>Header Files\PuntDeInteres</Filter>
    </ClInclude>
    <ClInclude Include="CamiBase.h">
      <Filter>Header Files\CamiClasses</Filter>
    </ClInclude>
    <ClInclude Include="CamiSolucio.h">
      <Filter>Header Files\CamiClasses</Filter>
    </ClInclude>
    <ClInclude Include="MapaSolucio.h">
      <Filter>Header Files</Filter>
    </ClInclude>
    <ClInclude Include="MapaSolucio.h">
      <Filter>Header Files\MapaClasses</Filter>
    </ClInclude>
  </ItemGroup>
  <ItemGroup>
    <ClCompile Include="dllmain.cpp">
      <Filter>Source Files</Filter>
    </ClCompile>
    <ClCompile Include="pch.cpp">
      <Filter>Source Files</Filter>
    </ClCompile>
    <ClCompile Include="DLL-Bridge.cpp">
      <Filter>Source Files</Filter>
    </ClCompile>
    <ClCompile Include="XML4OSMUtil.cpp">
      <Filter>Source Files</Filter>
    </ClCompile>
    <ClCompile Include="Util.cpp">
      <Filter>Source Files</Filter>
    </ClCompile>
    <ClCompile Include="PuntDeInteresBase.cpp">
      <Filter>Source Files\PuntsDeInteres</Filter>
    </ClCompile>
    <ClCompile Include="PuntDeInteresBotigaSolucio.cpp">
      <Filter>Source Files\PuntsDeInteres</Filter>
    </ClCompile>
    <ClCompile Include="PuntDeInteresRestaurantSolucio.cpp">
      <Filter>Source Files\PuntsDeInteres</Filter>
    </ClCompile>
    <ClCompile Include="MapaRender.cpp">
      <Filter>Source Files\Mapa</Filter>
    </ClCompile>
    <ClCompile Include="MapaSolucio.cpp">
      <Filter>Source Files\Mapa</Filter>
    </ClCompile>
    <ClCompile Include="CamiSolucio.cpp">
      <Filter>Source Files\Cami</Filter>
    </ClCompile>
  </ItemGroup>
</Project>